
Microsoft Visual Studio Solution File, Format Version 12.00
# Visual Studio Version 16
VisualStudioVersion = 16.0.31624.102
MinimumVisualStudioVersion = 10.0.40219.1
Project("{8BC9CEB8-8B4A-11D0-8D11-00A0C91BC942}") = "D3D12Practice_DXSample", "D3D12Practice_Windows\D3D12Practice_Windows.vcxproj", "{A9F85D7B-F11D-4C55-B112-898B656C2CB0}"
EndProject
Project("{8BC9CEB8-8B4A-11D0-8D11-00A0C91BC942}") = "D3D12Practice_Triangle", "D3D12Practice_Triangle\D3D12Practice_Triangle.vcxproj", "{521C9FBF-A8C4-4E71-8B6D-FE7CF65C0300}"
EndProject
Project("{8BC9CEB8-8B4A-11D0-8D11-00A0C91BC942}") = "D3D12Practice_Texture", "D3D12Practice_Texture\D3D12Practice_Texture.vcxproj", "{AD9999E8-5F1B-44E4-BBD8-157B8E6595EB}"
EndProject
Project("{8BC9CEB8-8B4A-11D0-8D11-00A0C91BC942}") = "D3D12Practice_ConstantBuffer", "D3D12Practice_ConstantBuffer\D3D12Practice_ConstantBuffer.vcxproj", "{A29A689F-93CE-45C0-9006-15224BEA297B}"
EndProject
Project("{8BC9CEB8-8B4A-11D0-8D11-00A0C91BC942}") = "D3D12Practice_ExecuteIndirect", "D3D12Practice_ExecuteIndirect\D3D12Practice_ExecuteIndirect.vcxproj", "{7DB9E43A-4F1E-4674-8DF0-F6921C6ADC7C}"
EndProject
Global
	GlobalSection(SolutionConfigurationPlatforms) = preSolution
		Debug|x64 = Debug|x64
		Debug|x86 = Debug|x86
		Release|x64 = Release|x64
		Release|x86 = Release|x86
	EndGlobalSection
	GlobalSection(ProjectConfigurationPlatforms) = postSolution
		{A9F85D7B-F11D-4C55-B112-898B656C2CB0}.Debug|x64.ActiveCfg = Debug|x64
		{A9F85D7B-F11D-4C55-B112-898B656C2CB0}.Debug|x64.Build.0 = Debug|x64
		{A9F85D7B-F11D-4C55-B112-898B656C2CB0}.Debug|x86.ActiveCfg = Debug|Win32
		{A9F85D7B-F11D-4C55-B112-898B656C2CB0}.Debug|x86.Build.0 = Debug|Win32
		{A9F85D7B-F11D-4C55-B112-898B656C2CB0}.Release|x64.ActiveCfg = Release|x64
		{A9F85D7B-F11D-4C55-B112-898B656C2CB0}.Release|x64.Build.0 = Release|x64
		{A9F85D7B-F11D-4C55-B112-898B656C2CB0}.Release|x86.ActiveCfg = Release|Win32
		{A9F85D7B-F11D-4C55-B112-898B656C2CB0}.Release|x86.Build.0 = Release|Win32
		{521C9FBF-A8C4-4E71-8B6D-FE7CF65C0300}.Debug|x64.ActiveCfg = Debug|x64
		{521C9FBF-A8C4-4E71-8B6D-FE7CF65C0300}.Debug|x64.Build.0 = Debug|x64
		{521C9FBF-A8C4-4E71-8B6D-FE7CF65C0300}.Debug|x86.ActiveCfg = Debug|Win32
		{521C9FBF-A8C4-4E71-8B6D-FE7CF65C0300}.Debug|x86.Build.0 = Debug|Win32
		{521C9FBF-A8C4-4E71-8B6D-FE7CF65C0300}.Release|x64.ActiveCfg = Release|x64
		{521C9FBF-A8C4-4E71-8B6D-FE7CF65C0300}.Release|x64.Build.0 = Release|x64
		{521C9FBF-A8C4-4E71-8B6D-FE7CF65C0300}.Release|x86.ActiveCfg = Release|Win32
		{521C9FBF-A8C4-4E71-8B6D-FE7CF65C0300}.Release|x86.Build.0 = Release|Win32
		{AD9999E8-5F1B-44E4-BBD8-157B8E6595EB}.Debug|x64.ActiveCfg = Debug|x64
		{AD9999E8-5F1B-44E4-BBD8-157B8E6595EB}.Debug|x64.Build.0 = Debug|x64
		{AD9999E8-5F1B-44E4-BBD8-157B8E6595EB}.Debug|x86.ActiveCfg = Debug|Win32
		{AD9999E8-5F1B-44E4-BBD8-157B8E6595EB}.Debug|x86.Build.0 = Debug|Win32
		{AD9999E8-5F1B-44E4-BBD8-157B8E6595EB}.Release|x64.ActiveCfg = Release|x64
		{AD9999E8-5F1B-44E4-BBD8-157B8E6595EB}.Release|x64.Build.0 = Release|x64
		{AD9999E8-5F1B-44E4-BBD8-157B8E6595EB}.Release|x86.ActiveCfg = Release|Win32
		{AD9999E8-5F1B-44E4-BBD8-157B8E6595EB}.Release|x86.Build.0 = Release|Win32
		{A29A689F-93CE-45C0-9006-15224BEA297B}.Debug|x64.ActiveCfg = Debug|x64
		{A29A689F-93CE-45C0-9006-15224BEA297B}.Debug|x64.Build.0 = Debug|x64
		{A29A689F-93CE-45C0-9006-15224BEA297B}.Debug|x86.ActiveCfg = Debug|Win32
		{A29A689F-93CE-45C0-9006-15224BEA297B}.Debug|x86.Build.0 = Debug|Win32
		{A29A689F-93CE-45C0-9006-15224BEA297B}.Release|x64.ActiveCfg = Release|x64
		{A29A689F-93CE-45C0-9006-15224BEA297B}.Release|x64.Build.0 = Release|x64
		{A29A689F-93CE-45C0-9006-15224BEA297B}.Release|x86.ActiveCfg = Release|Win32
		{A29A689F-93CE-45C0-9006-15224BEA297B}.Release|x86.Build.0 = Release|Win32
		{7DB9E43A-4F1E-4674-8DF0-F6921C6ADC7C}.Debug|x64.ActiveCfg = Debug|x64
		{7DB9E43A-4F1E-4674-8DF0-F6921C6ADC7C}.Debug|x64.Build.0 = Debug|x64
		{7DB9E43A-4F1E-4674-8DF0-F6921C6ADC7C}.Debug|x86.ActiveCfg = Debug|Win32
		{7DB9E43A-4F1E-4674-8DF0-F6921C6ADC7C}.Debug|x86.Build.0 = Debug|Win32
		{7DB9E43A-4F1E-4674-8DF0-F6921C6ADC7C}.Release|x64.ActiveCfg = Release|x64
		{7DB9E43A-4F1E-4674-8DF0-F6921C6ADC7C}.Release|x64.Build.0 = Release|x64
		{7DB9E43A-4F1E-4674-8DF0-F6921C6ADC7C}.Release|x86.ActiveCfg = Release|Win32
		{7DB9E43A-4F1E-4674-8DF0-F6921C6ADC7C}.Release|x86.Build.0 = Release|Win32
	EndGlobalSection
	GlobalSection(SolutionProperties) = preSolution
		HideSolutionNode = FALSE
	EndGlobalSection
	GlobalSection(ExtensibilityGlobals) = postSolution
		SolutionGuid = {968AC4CD-5912-447B-B6D2-12A38AE0EFDA}
	EndGlobalSection
EndGlobal
